// !$*UTF8*$!
{
	archiveVersion = 1;
	classes = {
	};
	objectVersion = 46;
	objects = {

/* Begin PBXBuildFile section */
		13EC95D91689A7D600471005 /* UIKit.framework in Frameworks */ = {isa = PBXBuildFile; fileRef = 13EC95D81689A7D600471005 /* UIKit.framework */; };
		13EC95DB1689A7D600471005 /* Foundation.framework in Frameworks */ = {isa = PBXBuildFile; fileRef = 13EC95DA1689A7D600471005 /* Foundation.framework */; };
		13EC95DD1689A7D600471005 /* CoreGraphics.framework in Frameworks */ = {isa = PBXBuildFile; fileRef = 13EC95DC1689A7D600471005 /* CoreGraphics.framework */; };
		13EC95E31689A7D600471005 /* InfoPlist.strings in Resources */ = {isa = PBXBuildFile; fileRef = 13EC95E11689A7D600471005 /* InfoPlist.strings */; };
		13EC95E51689A7D600471005 /* main.m in Sources */ = {isa = PBXBuildFile; fileRef = 13EC95E41689A7D600471005 /* main.m */; };
		13EC95E91689A7D700471005 /* AppDelegate.m in Sources */ = {isa = PBXBuildFile; fileRef = 13EC95E81689A7D700471005 /* AppDelegate.m */; };
		13EC95EB1689A7D700471005 /* Default.png in Resources */ = {isa = PBXBuildFile; fileRef = 13EC95EA1689A7D700471005 /* Default.png */; };
		13EC95ED1689A7D700471005 /* Default@2x.png in Resources */ = {isa = PBXBuildFile; fileRef = 13EC95EC1689A7D700471005 /* Default@2x.png */; };
		13EC95EF1689A7D700471005 /* Default-568h@2x.png in Resources */ = {isa = PBXBuildFile; fileRef = 13EC95EE1689A7D700471005 /* Default-568h@2x.png */; };
		13EC95F71689A7D700471005 /* SenTestingKit.framework in Frameworks */ = {isa = PBXBuildFile; fileRef = 13EC95F61689A7D700471005 /* SenTestingKit.framework */; };
		13EC95F81689A7D700471005 /* UIKit.framework in Frameworks */ = {isa = PBXBuildFile; fileRef = 13EC95D81689A7D600471005 /* UIKit.framework */; };
		13EC95F91689A7D700471005 /* Foundation.framework in Frameworks */ = {isa = PBXBuildFile; fileRef = 13EC95DA1689A7D600471005 /* Foundation.framework */; };
		13EC96011689A7D700471005 /* InfoPlist.strings in Resources */ = {isa = PBXBuildFile; fileRef = 13EC95FF1689A7D700471005 /* InfoPlist.strings */; };
		13EC96041689A7D700471005 /* SampleRotateProjectTests.m in Sources */ = {isa = PBXBuildFile; fileRef = 13EC96031689A7D700471005 /* SampleRotateProjectTests.m */; };
		13EC96101689A81400471005 /* BaseViewController.m in Sources */ = {isa = PBXBuildFile; fileRef = 13EC960E1689A81400471005 /* BaseViewController.m */; };
		13EC96111689A81400471005 /* BaseViewController.xib in Resources */ = {isa = PBXBuildFile; fileRef = 13EC960F1689A81400471005 /* BaseViewController.xib */; };
		13EC96151689A91100471005 /* TypeAViewController.m in Sources */ = {isa = PBXBuildFile; fileRef = 13EC96131689A91100471005 /* TypeAViewController.m */; };
		13EC96161689A91100471005 /* TypeAViewController.xib in Resources */ = {isa = PBXBuildFile; fileRef = 13EC96141689A91100471005 /* TypeAViewController.xib */; };
		13EC961B1689A92000471005 /* TypeBViewController.m in Sources */ = {isa = PBXBuildFile; fileRef = 13EC96191689A92000471005 /* TypeBViewController.m */; };
		13EC961C1689A92000471005 /* TypeBViewController.xib in Resources */ = {isa = PBXBuildFile; fileRef = 13EC961A1689A92000471005 /* TypeBViewController.xib */; };
/* End PBXBuildFile section */

/* Begin PBXContainerItemProxy section */
		13EC95FA1689A7D700471005 /* PBXContainerItemProxy */ = {
			isa = PBXContainerItemProxy;
			containerPortal = 13EC95CB1689A7D600471005 /* Project object */;
			proxyType = 1;
			remoteGlobalIDString = 13EC95D31689A7D600471005;
			remoteInfo = SampleRotateProject;
		};
/* End PBXContainerItemProxy section */

/* Begin PBXFileReference section */
		13EC95D41689A7D600471005 /* SampleRotateProject.app */ = {isa = PBXFileReference; explicitFileType = wrapper.application; includeInIndex = 0; path = SampleRotateProject.app; sourceTree = BUILT_PRODUCTS_DIR; };
		13EC95D81689A7D600471005 /* UIKit.framework */ = {isa = PBXFileReference; lastKnownFileType = wrapper.framework; name = UIKit.framework; path = System/Library/Frameworks/UIKit.framework; sourceTree = SDKROOT; };
		13EC95DA1689A7D600471005 /* Foundation.framework */ = {isa = PBXFileReference; lastKnownFileType = wrapper.framework; name = Foundation.framework; path = System/Library/Frameworks/Foundation.framework; sourceTree = SDKROOT; };
		13EC95DC1689A7D600471005 /* CoreGraphics.framework */ = {isa = PBXFileReference; lastKnownFileType = wrapper.framework; name = CoreGraphics.framework; path = System/Library/Frameworks/CoreGraphics.framework; sourceTree = SDKROOT; };
		13EC95E01689A7D600471005 /* SampleRotateProject-Info.plist */ = {isa = PBXFileReference; lastKnownFileType = text.plist.xml; path = "SampleRotateProject-Info.plist"; sourceTree = "<group>"; };
		13EC95E21689A7D600471005 /* en */ = {isa = PBXFileReference; lastKnownFileType = text.plist.strings; name = en; path = en.lproj/InfoPlist.strings; sourceTree = "<group>"; };
		13EC95E41689A7D600471005 /* main.m */ = {isa = PBXFileReference; lastKnownFileType = sourcecode.c.objc; path = main.m; sourceTree = "<group>"; };
		13EC95E61689A7D600471005 /* SampleRotateProject-Prefix.pch */ = {isa = PBXFileReference; lastKnownFileType = sourcecode.c.h; path = "SampleRotateProject-Prefix.pch"; sourceTree = "<group>"; };
		13EC95E71689A7D600471005 /* AppDelegate.h */ = {isa = PBXFileReference; lastKnownFileType = sourcecode.c.h; path = AppDelegate.h; sourceTree = "<group>"; };
		13EC95E81689A7D700471005 /* AppDelegate.m */ = {isa = PBXFileReference; lastKnownFileType = sourcecode.c.objc; path = AppDelegate.m; sourceTree = "<group>"; };
		13EC95EA1689A7D700471005 /* Default.png */ = {isa = PBXFileReference; lastKnownFileType = image.png; path = Default.png; sourceTree = "<group>"; };
		13EC95EC1689A7D700471005 /* Default@2x.png */ = {isa = PBXFileReference; lastKnownFileType = image.png; path = "Default@2x.png"; sourceTree = "<group>"; };
		13EC95EE1689A7D700471005 /* Default-568h@2x.png */ = {isa = PBXFileReference; lastKnownFileType = image.png; path = "Default-568h@2x.png"; sourceTree = "<group>"; };
		13EC95F51689A7D700471005 /* SampleRotateProjectTests.octest */ = {isa = PBXFileReference; explicitFileType = wrapper.cfbundle; includeInIndex = 0; path = SampleRotateProjectTests.octest; sourceTree = BUILT_PRODUCTS_DIR; };
		13EC95F61689A7D700471005 /* SenTestingKit.framework */ = {isa = PBXFileReference; lastKnownFileType = wrapper.framework; name = SenTestingKit.framework; path = Library/Frameworks/SenTestingKit.framework; sourceTree = DEVELOPER_DIR; };
		13EC95FE1689A7D700471005 /* SampleRotateProjectTests-Info.plist */ = {isa = PBXFileReference; lastKnownFileType = text.plist.xml; path = "SampleRotateProjectTests-Info.plist"; sourceTree = "<group>"; };
		13EC96001689A7D700471005 /* en */ = {isa = PBXFileReference; lastKnownFileType = text.plist.strings; name = en; path = en.lproj/InfoPlist.strings; sourceTree = "<group>"; };
		13EC96021689A7D700471005 /* SampleRotateProjectTests.h */ = {isa = PBXFileReference; lastKnownFileType = sourcecode.c.h; path = SampleRotateProjectTests.h; sourceTree = "<group>"; };
		13EC96031689A7D700471005 /* SampleRotateProjectTests.m */ = {isa = PBXFileReference; lastKnownFileType = sourcecode.c.objc; path = SampleRotateProjectTests.m; sourceTree = "<group>"; };
		13EC960D1689A81400471005 /* BaseViewController.h */ = {isa = PBXFileReference; fileEncoding = 4; lastKnownFileType = sourcecode.c.h; path = BaseViewController.h; sourceTree = "<group>"; };
		13EC960E1689A81400471005 /* BaseViewController.m */ = {isa = PBXFileReference; fileEncoding = 4; lastKnownFileType = sourcecode.c.objc; path = BaseViewController.m; sourceTree = "<group>"; };
		13EC960F1689A81400471005 /* BaseViewController.xib */ = {isa = PBXFileReference; fileEncoding = 4; lastKnownFileType = file.xib; path = BaseViewController.xib; sourceTree = "<group>"; };
		13EC96121689A91100471005 /* TypeAViewController.h */ = {isa = PBXFileReference; fileEncoding = 4; lastKnownFileType = sourcecode.c.h; path = TypeAViewController.h; sourceTree = "<group>"; };
		13EC96131689A91100471005 /* TypeAViewController.m */ = {isa = PBXFileReference; fileEncoding = 4; lastKnownFileType = sourcecode.c.objc; path = TypeAViewController.m; sourceTree = "<group>"; };
		13EC96141689A91100471005 /* TypeAViewController.xib */ = {isa = PBXFileReference; fileEncoding = 4; lastKnownFileType = file.xib; path = TypeAViewController.xib; sourceTree = "<group>"; };
		13EC96181689A91F00471005 /* TypeBViewController.h */ = {isa = PBXFileReference; fileEncoding = 4; lastKnownFileType = sourcecode.c.h; path = TypeBViewController.h; sourceTree = "<group>"; };
		13EC96191689A92000471005 /* TypeBViewController.m */ = {isa = PBXFileReference; fileEncoding = 4; lastKnownFileType = sourcecode.c.objc; path = TypeBViewController.m; sourceTree = "<group>"; };
		13EC961A1689A92000471005 /* TypeBViewController.xib */ = {isa = PBXFileReference; fileEncoding = 4; lastKnownFileType = file.xib; path = TypeBViewController.xib; sourceTree = "<group>"; };
/* End PBXFileReference section */

/* Begin PBXFrameworksBuildPhase section */
		13EC95D11689A7D600471005 /* Frameworks */ = {
			isa = PBXFrameworksBuildPhase;
			buildActionMask = 2147483647;
			files = (
				13EC95D91689A7D600471005 /* UIKit.framework in Frameworks */,
				13EC95DB1689A7D600471005 /* Foundation.framework in Frameworks */,
				13EC95DD1689A7D600471005 /* CoreGraphics.framework in Frameworks */,
			);
			runOnlyForDeploymentPostprocessing = 0;
		};
		13EC95F11689A7D700471005 /* Frameworks */ = {
			isa = PBXFrameworksBuildPhase;
			buildActionMask = 2147483647;
			files = (
				13EC95F71689A7D700471005 /* SenTestingKit.framework in Frameworks */,
				13EC95F81689A7D700471005 /* UIKit.framework in Frameworks */,
				13EC95F91689A7D700471005 /* Foundation.framework in Frameworks */,
			);
			runOnlyForDeploymentPostprocessing = 0;
		};
/* End PBXFrameworksBuildPhase section */

/* Begin PBXGroup section */
		13EC95C91689A7D600471005 = {
			isa = PBXGroup;
			children = (
				13EC95DE1689A7D600471005 /* SampleRotateProject */,
				13EC95FC1689A7D700471005 /* SampleRotateProjectTests */,
				13EC95D71689A7D600471005 /* Frameworks */,
				13EC95D51689A7D600471005 /* Products */,
			);
			sourceTree = "<group>";
		};
		13EC95D51689A7D600471005 /* Products */ = {
			isa = PBXGroup;
			children = (
				13EC95D41689A7D600471005 /* SampleRotateProject.app */,
				13EC95F51689A7D700471005 /* SampleRotateProjectTests.octest */,
			);
			name = Products;
			sourceTree = "<group>";
		};
		13EC95D71689A7D600471005 /* Frameworks */ = {
			isa = PBXGroup;
			children = (
				13EC95D81689A7D600471005 /* UIKit.framework */,
				13EC95DA1689A7D600471005 /* Foundation.framework */,
				13EC95DC1689A7D600471005 /* CoreGraphics.framework */,
				13EC95F61689A7D700471005 /* SenTestingKit.framework */,
			);
			name = Frameworks;
			sourceTree = "<group>";
		};
		13EC95DE1689A7D600471005 /* SampleRotateProject */ = {
			isa = PBXGroup;
			children = (
				13EC95E71689A7D600471005 /* AppDelegate.h */,
				13EC95E81689A7D700471005 /* AppDelegate.m */,
				13EC95DF1689A7D600471005 /* Supporting Files */,
				13EC960D1689A81400471005 /* BaseViewController.h */,
				13EC960E1689A81400471005 /* BaseViewController.m */,
				13EC960F1689A81400471005 /* BaseViewController.xib */,
				13EC96121689A91100471005 /* TypeAViewController.h */,
				13EC96131689A91100471005 /* TypeAViewController.m */,
				13EC96141689A91100471005 /* TypeAViewController.xib */,
				13EC96181689A91F00471005 /* TypeBViewController.h */,
				13EC96191689A92000471005 /* TypeBViewController.m */,
				13EC961A1689A92000471005 /* TypeBViewController.xib */,
			);
			path = SampleRotateProject;
			sourceTree = "<group>";
		};
		13EC95DF1689A7D600471005 /* Supporting Files */ = {
			isa = PBXGroup;
			children = (
				13EC95E01689A7D600471005 /* SampleRotateProject-Info.plist */,
				13EC95E11689A7D600471005 /* InfoPlist.strings */,
				13EC95E41689A7D600471005 /* main.m */,
				13EC95E61689A7D600471005 /* SampleRotateProject-Prefix.pch */,
				13EC95EA1689A7D700471005 /* Default.png */,
				13EC95EC1689A7D700471005 /* Default@2x.png */,
				13EC95EE1689A7D700471005 /* Default-568h@2x.png */,
			);
			name = "Supporting Files";
			sourceTree = "<group>";
		};
		13EC95FC1689A7D700471005 /* SampleRotateProjectTests */ = {
			isa = PBXGroup;
			children = (
				13EC96021689A7D700471005 /* SampleRotateProjectTests.h */,
				13EC96031689A7D700471005 /* SampleRotateProjectTests.m */,
				13EC95FD1689A7D700471005 /* Supporting Files */,
			);
			path = SampleRotateProjectTests;
			sourceTree = "<group>";
		};
		13EC95FD1689A7D700471005 /* Supporting Files */ = {
			isa = PBXGroup;
			children = (
				13EC95FE1689A7D700471005 /* SampleRotateProjectTests-Info.plist */,
				13EC95FF1689A7D700471005 /* InfoPlist.strings */,
			);
			name = "Supporting Files";
			sourceTree = "<group>";
		};
/* End PBXGroup section */

/* Begin PBXNativeTarget section */
		13EC95D31689A7D600471005 /* SampleRotateProject */ = {
			isa = PBXNativeTarget;
			buildConfigurationList = 13EC96071689A7D700471005 /* Build configuration list for PBXNativeTarget "SampleRotateProject" */;
			buildPhases = (
				13EC95D01689A7D600471005 /* Sources */,
				13EC95D11689A7D600471005 /* Frameworks */,
				13EC95D21689A7D600471005 /* Resources */,
			);
			buildRules = (
			);
			dependencies = (
			);
			name = SampleRotateProject;
			productName = SampleRotateProject;
			productReference = 13EC95D41689A7D600471005 /* SampleRotateProject.app */;
			productType = "com.apple.product-type.application";
		};
		13EC95F41689A7D700471005 /* SampleRotateProjectTests */ = {
			isa = PBXNativeTarget;
			buildConfigurationList = 13EC960A1689A7D700471005 /* Build configuration list for PBXNativeTarget "SampleRotateProjectTests" */;
			buildPhases = (
				13EC95F01689A7D700471005 /* Sources */,
				13EC95F11689A7D700471005 /* Frameworks */,
				13EC95F21689A7D700471005 /* Resources */,
				13EC95F31689A7D700471005 /* ShellScript */,
			);
			buildRules = (
			);
			dependencies = (
				13EC95FB1689A7D700471005 /* PBXTargetDependency */,
			);
			name = SampleRotateProjectTests;
			productName = SampleRotateProjectTests;
			productReference = 13EC95F51689A7D700471005 /* SampleRotateProjectTests.octest */;
			productType = "com.apple.product-type.bundle";
		};
/* End PBXNativeTarget section */

/* Begin PBXProject section */
		13EC95CB1689A7D600471005 /* Project object */ = {
			isa = PBXProject;
			attributes = {
				LastUpgradeCheck = 0450;
				ORGANIZATIONNAME = sassembla;
			};
			buildConfigurationList = 13EC95CE1689A7D600471005 /* Build configuration list for PBXProject "SampleRotateProject" */;
			compatibilityVersion = "Xcode 3.2";
			developmentRegion = English;
			hasScannedForEncodings = 0;
			knownRegions = (
				en,
			);
			mainGroup = 13EC95C91689A7D600471005;
			productRefGroup = 13EC95D51689A7D600471005 /* Products */;
			projectDirPath = "";
			projectRoot = "";
			targets = (
				13EC95D31689A7D600471005 /* SampleRotateProject */,
				13EC95F41689A7D700471005 /* SampleRotateProjectTests */,
			);
		};
/* End PBXProject section */

/* Begin PBXResourcesBuildPhase section */
		13EC95D21689A7D600471005 /* Resources */ = {
			isa = PBXResourcesBuildPhase;
			buildActionMask = 2147483647;
			files = (
				13EC95E31689A7D600471005 /* InfoPlist.strings in Resources */,
				13EC95EB1689A7D700471005 /* Default.png in Resources */,
				13EC95ED1689A7D700471005 /* Default@2x.png in Resources */,
				13EC95EF1689A7D700471005 /* Default-568h@2x.png in Resources */,
				13EC96111689A81400471005 /* BaseViewController.xib in Resources */,
				13EC96161689A91100471005 /* TypeAViewController.xib in Resources */,
				13EC961C1689A92000471005 /* TypeBViewController.xib in Resources */,
			);
			runOnlyForDeploymentPostprocessing = 0;
		};
		13EC95F21689A7D700471005 /* Resources */ = {
			isa = PBXResourcesBuildPhase;
			buildActionMask = 2147483647;
			files = (
				13EC96011689A7D700471005 /* InfoPlist.strings in Resources */,
			);
			runOnlyForDeploymentPostprocessing = 0;
		};
/* End PBXResourcesBuildPhase section */

/* Begin PBXShellScriptBuildPhase section */
		13EC95F31689A7D700471005 /* ShellScript */ = {
			isa = PBXShellScriptBuildPhase;
			buildActionMask = 2147483647;
			files = (
			);
			inputPaths = (
			);
			outputPaths = (
			);
			runOnlyForDeploymentPostprocessing = 0;
			shellPath = /bin/sh;
			shellScript = "# Run the unit tests in this test bundle.\n\"${SYSTEM_DEVELOPER_DIR}/Tools/RunUnitTests\"\n";
		};
/* End PBXShellScriptBuildPhase section */

/* Begin PBXSourcesBuildPhase section */
		13EC95D01689A7D600471005 /* Sources */ = {
			isa = PBXSourcesBuildPhase;
			buildActionMask = 2147483647;
			files = (
				13EC95E51689A7D600471005 /* main.m in Sources */,
				13EC95E91689A7D700471005 /* AppDelegate.m in Sources */,
				13EC96101689A81400471005 /* BaseViewController.m in Sources */,
				13EC96151689A91100471005 /* TypeAViewController.m in Sources */,
				13EC961B1689A92000471005 /* TypeBViewController.m in Sources */,
			);
			runOnlyForDeploymentPostprocessing = 0;
		};
		13EC95F01689A7D700471005 /* Sources */ = {
			isa = PBXSourcesBuildPhase;
			buildActionMask = 2147483647;
			files = (
				13EC96041689A7D700471005 /* SampleRotateProjectTests.m in Sources */,
			);
			runOnlyForDeploymentPostprocessing = 0;
		};
/* End PBXSourcesBuildPhase section */

/* Begin PBXTargetDependency section */
		13EC95FB1689A7D700471005 /* PBXTargetDependency */ = {
			isa = PBXTargetDependency;
			target = 13EC95D31689A7D600471005 /* SampleRotateProject */;
			targetProxy = 13EC95FA1689A7D700471005 /* PBXContainerItemProxy */;
		};
/* End PBXTargetDependency section */

/* Begin PBXVariantGroup section */
		13EC95E11689A7D600471005 /* InfoPlist.strings */ = {
			isa = PBXVariantGroup;
			children = (
				13EC95E21689A7D600471005 /* en */,
			);
			name = InfoPlist.strings;
			sourceTree = "<group>";
		};
		13EC95FF1689A7D700471005 /* InfoPlist.strings */ = {
			isa = PBXVariantGroup;
			children = (
				13EC96001689A7D700471005 /* en */,
			);
			name = InfoPlist.strings;
			sourceTree = "<group>";
		};
/* End PBXVariantGroup section */

/* Begin XCBuildConfiguration section */
		13EC96051689A7D700471005 /* Debug */ = {
			isa = XCBuildConfiguration;
			buildSettings = {
				ALWAYS_SEARCH_USER_PATHS = NO;
				CLANG_CXX_LANGUAGE_STANDARD = "gnu++0x";
				CLANG_CXX_LIBRARY = "libc++";
				CLANG_ENABLE_OBJC_ARC = YES;
				CLANG_WARN_EMPTY_BODY = YES;
				CLANG_WARN__DUPLICATE_METHOD_MATCH = YES;
				"CODE_SIGN_IDENTITY[sdk=iphoneos*]" = "iPhone Developer";
				COPY_PHASE_STRIP = NO;
				GCC_C_LANGUAGE_STANDARD = gnu99;
				GCC_DYNAMIC_NO_PIC = NO;
				GCC_OPTIMIZATION_LEVEL = 0;
				GCC_PREPROCESSOR_DEFINITIONS = (
					"DEBUG=1",
					"$(inherited)",
				);
				GCC_SYMBOLS_PRIVATE_EXTERN = NO;
				GCC_WARN_ABOUT_RETURN_TYPE = YES;
				GCC_WARN_UNINITIALIZED_AUTOS = YES;
				GCC_WARN_UNUSED_VARIABLE = YES;
				IPHONEOS_DEPLOYMENT_TARGET = 6.0;
				ONLY_ACTIVE_ARCH = YES;
				SDKROOT = iphoneos;
				TARGETED_DEVICE_FAMILY = "1,2";
			};
			name = Debug;
		};
		13EC96061689A7D700471005 /* Release */ = {
			isa = XCBuildConfiguration;
			buildSettings = {
				ALWAYS_SEARCH_USER_PATHS = NO;
				CLANG_CXX_LANGUAGE_STANDARD = "gnu++0x";
				CLANG_CXX_LIBRARY = "libc++";
				CLANG_ENABLE_OBJC_ARC = YES;
				CLANG_WARN_EMPTY_BODY = YES;
				CLANG_WARN__DUPLICATE_METHOD_MATCH = YES;
				"CODE_SIGN_IDENTITY[sdk=iphoneos*]" = "iPhone Developer";
				COPY_PHASE_STRIP = YES;
				GCC_C_LANGUAGE_STANDARD = gnu99;
				GCC_WARN_ABOUT_RETURN_TYPE = YES;
				GCC_WARN_UNINITIALIZED_AUTOS = YES;
				GCC_WARN_UNUSED_VARIABLE = YES;
				IPHONEOS_DEPLOYMENT_TARGET = 6.0;
				OTHER_CFLAGS = "-DNS_BLOCK_ASSERTIONS=1";
				SDKROOT = iphoneos;
				TARGETED_DEVICE_FAMILY = "1,2";
				VALIDATE_PRODUCT = YES;
			};
			name = Release;
		};
		13EC96081689A7D700471005 /* Debug */ = {
			isa = XCBuildConfiguration;
			buildSettings = {
				GCC_PRECOMPILE_PREFIX_HEADER = YES;
				GCC_PREFIX_HEADER = "SampleRotateProject/SampleRotateProject-Prefix.pch";
				INFOPLIST_FILE = "SampleRotateProject/SampleRotateProject-Info.plist";
				IPHONEOS_DEPLOYMENT_TARGET = 6.0;
				PRODUCT_NAME = "$(TARGET_NAME)";
				TARGETED_DEVICE_FAMILY = "1,2";
				WRAPPER_EXTENSION = app;
			};
			name = Debug;
		};
		13EC96091689A7D700471005 /* Release */ = {
			isa = XCBuildConfiguration;
			buildSettings = {
				GCC_PRECOMPILE_PREFIX_HEADER = YES;
				GCC_PREFIX_HEADER = "SampleRotateProject/SampleRotateProject-Prefix.pch";
				INFOPLIST_FILE = "SampleRotateProject/SampleRotateProject-Info.plist";
				IPHONEOS_DEPLOYMENT_TARGET = 6.0;
				PRODUCT_NAME = "$(TARGET_NAME)";
				TARGETED_DEVICE_FAMILY = "1,2";
				WRAPPER_EXTENSION = app;
			};
			name = Release;
		};
		13EC960B1689A7D700471005 /* Debug */ = {
			isa = XCBuildConfiguration;
			buildSettings = {
				BUNDLE_LOADER = "$(BUILT_PRODUCTS_DIR)/SampleRotateProject.app/SampleRotateProject";
				FRAMEWORK_SEARCH_PATHS = (
					"\"$(SDKROOT)/Developer/Library/Frameworks\"",
					"\"$(DEVELOPER_LIBRARY_DIR)/Frameworks\"",
				);
				GCC_PRECOMPILE_PREFIX_HEADER = YES;
				GCC_PREFIX_HEADER = "SampleRotateProject/SampleRotateProject-Prefix.pch";
				INFOPLIST_FILE = "SampleRotateProjectTests/SampleRotateProjectTests-Info.plist";
				PRODUCT_NAME = "$(TARGET_NAME)";
				TEST_HOST = "$(BUNDLE_LOADER)";
				WRAPPER_EXTENSION = octest;
			};
			name = Debug;
		};
		13EC960C1689A7D700471005 /* Release */ = {
			isa = XCBuildConfiguration;
			buildSettings = {
				BUNDLE_LOADER = "$(BUILT_PRODUCTS_DIR)/SampleRotateProject.app/SampleRotateProject";
				FRAMEWORK_SEARCH_PATHS = (
					"\"$(SDKROOT)/Developer/Library/Frameworks\"",
					"\"$(DEVELOPER_LIBRARY_DIR)/Frameworks\"",
				);
				GCC_PRECOMPILE_PREFIX_HEADER = YES;
				GCC_PREFIX_HEADER = "SampleRotateProject/SampleRotateProject-Prefix.pch";
				INFOPLIST_FILE = "SampleRotateProjectTests/SampleRotateProjectTests-Info.plist";
				PRODUCT_NAME = "$(TARGET_NAME)";
				TEST_HOST = "$(BUNDLE_LOADER)";
				WRAPPER_EXTENSION = octest;
			};
			name = Release;
		};
/* End XCBuildConfiguration section */

/* Begin XCConfigurationList section */
		13EC95CE1689A7D600471005 /* Build configuration list for PBXProject "SampleRotateProject" */ = {
			isa = XCConfigurationList;
			buildConfigurations = (
				13EC96051689A7D700471005 /* Debug */,
				13EC96061689A7D700471005 /* Release */,
			);
			defaultConfigurationIsVisible = 0;
			defaultConfigurationName = Release;
		};
		13EC96071689A7D700471005 /* Build configuration list for PBXNativeTarget "SampleRotateProject" */ = {
			isa = XCConfigurationList;
			buildConfigurations = (
				13EC96081689A7D700471005 /* Debug */,
				13EC96091689A7D700471005 /* Release */,
			);
			defaultConfigurationIsVisible = 0;
			defaultConfigurationName = Release;
		};
		13EC960A1689A7D700471005 /* Build configuration list for PBXNativeTarget "SampleRotateProjectTests" */ = {
			isa = XCConfigurationList;
			buildConfigurations = (
				13EC960B1689A7D700471005 /* Debug */,
				13EC960C1689A7D700471005 /* Release */,
			);
			defaultConfigurationIsVisible = 0;
			defaultConfigurationName = Release;
		};
/* End XCConfigurationList section */
	};
	rootObject = 13EC95CB1689A7D600471005 /* Project object */;
}
